// !$*UTF8*$!
{
	archiveVersion = 1;
	classes = {
	};
	objectVersion = 50;
	objects = {

/* Begin PBXBuildFile section */
		FB3025B221F2494800C5DDBD /* AppDelegate.swift in Sources */ = {isa = PBXBuildFile; fileRef = FB3025B121F2494800C5DDBD /* AppDelegate.swift */; };
		FB3025B421F2494800C5DDBD /* SplashVC.swift in Sources */ = {isa = PBXBuildFile; fileRef = FB3025B321F2494800C5DDBD /* SplashVC.swift */; };
		FB3025B721F2494800C5DDBD /* Main.storyboard in Resources */ = {isa = PBXBuildFile; fileRef = FB3025B521F2494800C5DDBD /* Main.storyboard */; };
		FB3025BA21F2494800C5DDBD /* historicTeamz.xcdatamodeld in Sources */ = {isa = PBXBuildFile; fileRef = FB3025B821F2494800C5DDBD /* historicTeamz.xcdatamodeld */; };
		FB3025BC21F2494A00C5DDBD /* Assets.xcassets in Resources */ = {isa = PBXBuildFile; fileRef = FB3025BB21F2494A00C5DDBD /* Assets.xcassets */; };
		FB3025BF21F2494A00C5DDBD /* LaunchScreen.storyboard in Resources */ = {isa = PBXBuildFile; fileRef = FB3025BD21F2494A00C5DDBD /* LaunchScreen.storyboard */; };
		FB3025CA21F2494A00C5DDBD /* historicTeamzTests.swift in Sources */ = {isa = PBXBuildFile; fileRef = FB3025C921F2494A00C5DDBD /* historicTeamzTests.swift */; };
		FB3025D521F2494A00C5DDBD /* historicTeamzUITests.swift in Sources */ = {isa = PBXBuildFile; fileRef = FB3025D421F2494A00C5DDBD /* historicTeamzUITests.swift */; };
		FB3025EA21F287A700C5DDBD /* RoundedButton.swift in Sources */ = {isa = PBXBuildFile; fileRef = FB3025E921F287A700C5DDBD /* RoundedButton.swift */; };
		FBFBDC3821F5A9E900392539 /* SportsVC.swift in Sources */ = {isa = PBXBuildFile; fileRef = FBFBDC3721F5A9E900392539 /* SportsVC.swift */; };
/* End PBXBuildFile section */

/* Begin PBXContainerItemProxy section */
		FB3025C621F2494A00C5DDBD /* PBXContainerItemProxy */ = {
			isa = PBXContainerItemProxy;
			containerPortal = FB3025A621F2494800C5DDBD /* Project object */;
			proxyType = 1;
			remoteGlobalIDString = FB3025AD21F2494800C5DDBD;
			remoteInfo = historicTeamz;
		};
		FB3025D121F2494A00C5DDBD /* PBXContainerItemProxy */ = {
			isa = PBXContainerItemProxy;
			containerPortal = FB3025A621F2494800C5DDBD /* Project object */;
			proxyType = 1;
			remoteGlobalIDString = FB3025AD21F2494800C5DDBD;
			remoteInfo = historicTeamz;
		};
/* End PBXContainerItemProxy section */

/* Begin PBXFileReference section */
		FB3025AE21F2494800C5DDBD /* historicTeamz.app */ = {isa = PBXFileReference; explicitFileType = wrapper.application; includeInIndex = 0; path = historicTeamz.app; sourceTree = BUILT_PRODUCTS_DIR; };
		FB3025B121F2494800C5DDBD /* AppDelegate.swift */ = {isa = PBXFileReference; lastKnownFileType = sourcecode.swift; path = AppDelegate.swift; sourceTree = "<group>"; };
		FB3025B321F2494800C5DDBD /* SplashVC.swift */ = {isa = PBXFileReference; lastKnownFileType = sourcecode.swift; path = SplashVC.swift; sourceTree = "<group>"; };
		FB3025B621F2494800C5DDBD /* Base */ = {isa = PBXFileReference; lastKnownFileType = file.storyboard; name = Base; path = Base.lproj/Main.storyboard; sourceTree = "<group>"; };
		FB3025B921F2494800C5DDBD /* historicTeamz.xcdatamodel */ = {isa = PBXFileReference; lastKnownFileType = wrapper.xcdatamodel; path = historicTeamz.xcdatamodel; sourceTree = "<group>"; };
		FB3025BB21F2494A00C5DDBD /* Assets.xcassets */ = {isa = PBXFileReference; lastKnownFileType = folder.assetcatalog; path = Assets.xcassets; sourceTree = "<group>"; };
		FB3025BE21F2494A00C5DDBD /* Base */ = {isa = PBXFileReference; lastKnownFileType = file.storyboard; name = Base; path = Base.lproj/LaunchScreen.storyboard; sourceTree = "<group>"; };
		FB3025C021F2494A00C5DDBD /* Info.plist */ = {isa = PBXFileReference; lastKnownFileType = text.plist.xml; path = Info.plist; sourceTree = "<group>"; };
		FB3025C521F2494A00C5DDBD /* historicTeamzTests.xctest */ = {isa = PBXFileReference; explicitFileType = wrapper.cfbundle; includeInIndex = 0; path = historicTeamzTests.xctest; sourceTree = BUILT_PRODUCTS_DIR; };
		FB3025C921F2494A00C5DDBD /* historicTeamzTests.swift */ = {isa = PBXFileReference; lastKnownFileType = sourcecode.swift; path = historicTeamzTests.swift; sourceTree = "<group>"; };
		FB3025CB21F2494A00C5DDBD /* Info.plist */ = {isa = PBXFileReference; lastKnownFileType = text.plist.xml; path = Info.plist; sourceTree = "<group>"; };
		FB3025D021F2494A00C5DDBD /* historicTeamzUITests.xctest */ = {isa = PBXFileReference; explicitFileType = wrapper.cfbundle; includeInIndex = 0; path = historicTeamzUITests.xctest; sourceTree = BUILT_PRODUCTS_DIR; };
		FB3025D421F2494A00C5DDBD /* historicTeamzUITests.swift */ = {isa = PBXFileReference; lastKnownFileType = sourcecode.swift; path = historicTeamzUITests.swift; sourceTree = "<group>"; };
		FB3025D621F2494A00C5DDBD /* Info.plist */ = {isa = PBXFileReference; lastKnownFileType = text.plist.xml; path = Info.plist; sourceTree = "<group>"; };
		FB3025E921F287A700C5DDBD /* RoundedButton.swift */ = {isa = PBXFileReference; lastKnownFileType = sourcecode.swift; path = RoundedButton.swift; sourceTree = "<group>"; };
		FBFBDC3721F5A9E900392539 /* SportsVC.swift */ = {isa = PBXFileReference; lastKnownFileType = sourcecode.swift; path = SportsVC.swift; sourceTree = "<group>"; };
/* End PBXFileReference section */

/* Begin PBXFrameworksBuildPhase section */
		FB3025AB21F2494800C5DDBD /* Frameworks */ = {
			isa = PBXFrameworksBuildPhase;
			buildActionMask = 2147483647;
			files = (
			);
			runOnlyForDeploymentPostprocessing = 0;
		};
		FB3025C221F2494A00C5DDBD /* Frameworks */ = {
			isa = PBXFrameworksBuildPhase;
			buildActionMask = 2147483647;
			files = (
			);
			runOnlyForDeploymentPostprocessing = 0;
		};
		FB3025CD21F2494A00C5DDBD /* Frameworks */ = {
			isa = PBXFrameworksBuildPhase;
			buildActionMask = 2147483647;
			files = (
			);
			runOnlyForDeploymentPostprocessing = 0;
		};
/* End PBXFrameworksBuildPhase section */

/* Begin PBXGroup section */
		FB3025A521F2494800C5DDBD = {
			isa = PBXGroup;
			children = (
				FB3025B021F2494800C5DDBD /* historicTeamz */,
				FB3025C821F2494A00C5DDBD /* historicTeamzTests */,
				FB3025D321F2494A00C5DDBD /* historicTeamzUITests */,
				FB3025AF21F2494800C5DDBD /* Products */,
			);
			sourceTree = "<group>";
		};
		FB3025AF21F2494800C5DDBD /* Products */ = {
			isa = PBXGroup;
			children = (
				FB3025AE21F2494800C5DDBD /* historicTeamz.app */,
				FB3025C521F2494A00C5DDBD /* historicTeamzTests.xctest */,
				FB3025D021F2494A00C5DDBD /* historicTeamzUITests.xctest */,
			);
			name = Products;
			sourceTree = "<group>";
		};
		FB3025B021F2494800C5DDBD /* historicTeamz */ = {
			isa = PBXGroup;
			children = (
				FB3025E621F255B400C5DDBD /* Service */,
				FB3025E521F255AC00C5DDBD /* Utilities */,
				FB3025E421F255A800C5DDBD /* Model */,
				FB3025E321F255A500C5DDBD /* View */,
				FB3025E221F2559D00C5DDBD /* Controller */,
				FB3025B121F2494800C5DDBD /* AppDelegate.swift */,
				FB3025B521F2494800C5DDBD /* Main.storyboard */,
				FB3025BB21F2494A00C5DDBD /* Assets.xcassets */,
				FB3025BD21F2494A00C5DDBD /* LaunchScreen.storyboard */,
				FB3025C021F2494A00C5DDBD /* Info.plist */,
				FB3025B821F2494800C5DDBD /* historicTeamz.xcdatamodeld */,
			);
			path = historicTeamz;
			sourceTree = "<group>";
		};
		FB3025C821F2494A00C5DDBD /* historicTeamzTests */ = {
			isa = PBXGroup;
			children = (
				FB3025C921F2494A00C5DDBD /* historicTeamzTests.swift */,
				FB3025CB21F2494A00C5DDBD /* Info.plist */,
			);
			path = historicTeamzTests;
			sourceTree = "<group>";
		};
		FB3025D321F2494A00C5DDBD /* historicTeamzUITests */ = {
			isa = PBXGroup;
			children = (
				FB3025D421F2494A00C5DDBD /* historicTeamzUITests.swift */,
				FB3025D621F2494A00C5DDBD /* Info.plist */,
			);
			path = historicTeamzUITests;
			sourceTree = "<group>";
		};
		FB3025E221F2559D00C5DDBD /* Controller */ = {
			isa = PBXGroup;
			children = (
				FB3025B321F2494800C5DDBD /* SplashVC.swift */,
				FBFBDC3721F5A9E900392539 /* SportsVC.swift */,
			);
			path = Controller;
			sourceTree = "<group>";
		};
		FB3025E321F255A500C5DDBD /* View */ = {
			isa = PBXGroup;
			children = (
				FB3025E921F287A700C5DDBD /* RoundedButton.swift */,
			);
			path = View;
			sourceTree = "<group>";
		};
		FB3025E421F255A800C5DDBD /* Model */ = {
			isa = PBXGroup;
			children = (
			);
			path = Model;
			sourceTree = "<group>";
		};
		FB3025E521F255AC00C5DDBD /* Utilities */ = {
			isa = PBXGroup;
			children = (
			);
			path = Utilities;
			sourceTree = "<group>";
		};
		FB3025E621F255B400C5DDBD /* Service */ = {
			isa = PBXGroup;
			children = (
			);
			path = Service;
			sourceTree = "<group>";
		};
/* End PBXGroup section */

/* Begin PBXNativeTarget section */
		FB3025AD21F2494800C5DDBD /* historicTeamz */ = {
			isa = PBXNativeTarget;
			buildConfigurationList = FB3025D921F2494A00C5DDBD /* Build configuration list for PBXNativeTarget "historicTeamz" */;
			buildPhases = (
				FB3025AA21F2494800C5DDBD /* Sources */,
				FB3025AB21F2494800C5DDBD /* Frameworks */,
				FB3025AC21F2494800C5DDBD /* Resources */,
			);
			buildRules = (
			);
			dependencies = (
			);
			name = historicTeamz;
			productName = historicTeamz;
			productReference = FB3025AE21F2494800C5DDBD /* historicTeamz.app */;
			productType = "com.apple.product-type.application";
		};
		FB3025C421F2494A00C5DDBD /* historicTeamzTests */ = {
			isa = PBXNativeTarget;
			buildConfigurationList = FB3025DC21F2494A00C5DDBD /* Build configuration list for PBXNativeTarget "historicTeamzTests" */;
			buildPhases = (
				FB3025C121F2494A00C5DDBD /* Sources */,
				FB3025C221F2494A00C5DDBD /* Frameworks */,
				FB3025C321F2494A00C5DDBD /* Resources */,
			);
			buildRules = (
			);
			dependencies = (
				FB3025C721F2494A00C5DDBD /* PBXTargetDependency */,
			);
			name = historicTeamzTests;
			productName = historicTeamzTests;
			productReference = FB3025C521F2494A00C5DDBD /* historicTeamzTests.xctest */;
			productType = "com.apple.product-type.bundle.unit-test";
		};
		FB3025CF21F2494A00C5DDBD /* historicTeamzUITests */ = {
			isa = PBXNativeTarget;
			buildConfigurationList = FB3025DF21F2494A00C5DDBD /* Build configuration list for PBXNativeTarget "historicTeamzUITests" */;
			buildPhases = (
				FB3025CC21F2494A00C5DDBD /* Sources */,
				FB3025CD21F2494A00C5DDBD /* Frameworks */,
				FB3025CE21F2494A00C5DDBD /* Resources */,
			);
			buildRules = (
			);
			dependencies = (
				FB3025D221F2494A00C5DDBD /* PBXTargetDependency */,
			);
			name = historicTeamzUITests;
			productName = historicTeamzUITests;
			productReference = FB3025D021F2494A00C5DDBD /* historicTeamzUITests.xctest */;
			productType = "com.apple.product-type.bundle.ui-testing";
		};
/* End PBXNativeTarget section */

/* Begin PBXProject section */
		FB3025A621F2494800C5DDBD /* Project object */ = {
			isa = PBXProject;
			attributes = {
				LastSwiftUpdateCheck = 1010;
				LastUpgradeCheck = 1010;
				ORGANIZATIONNAME = "Gurpal Bhoot";
				TargetAttributes = {
					FB3025AD21F2494800C5DDBD = {
						CreatedOnToolsVersion = 10.1;
					};
					FB3025C421F2494A00C5DDBD = {
						CreatedOnToolsVersion = 10.1;
						TestTargetID = FB3025AD21F2494800C5DDBD;
					};
					FB3025CF21F2494A00C5DDBD = {
						CreatedOnToolsVersion = 10.1;
						TestTargetID = FB3025AD21F2494800C5DDBD;
					};
				};
			};
			buildConfigurationList = FB3025A921F2494800C5DDBD /* Build configuration list for PBXProject "historicTeamz" */;
			compatibilityVersion = "Xcode 9.3";
			developmentRegion = en;
			hasScannedForEncodings = 0;
			knownRegions = (
				en,
				Base,
			);
			mainGroup = FB3025A521F2494800C5DDBD;
			productRefGroup = FB3025AF21F2494800C5DDBD /* Products */;
			projectDirPath = "";
			projectRoot = "";
			targets = (
				FB3025AD21F2494800C5DDBD /* historicTeamz */,
				FB3025C421F2494A00C5DDBD /* historicTeamzTests */,
				FB3025CF21F2494A00C5DDBD /* historicTeamzUITests */,
			);
		};
/* End PBXProject section */

/* Begin PBXResourcesBuildPhase section */
		FB3025AC21F2494800C5DDBD /* Resources */ = {
			isa = PBXResourcesBuildPhase;
			buildActionMask = 2147483647;
			files = (
				FB3025BF21F2494A00C5DDBD /* LaunchScreen.storyboard in Resources */,
				FB3025BC21F2494A00C5DDBD /* Assets.xcassets in Resources */,
				FB3025B721F2494800C5DDBD /* Main.storyboard in Resources */,
			);
			runOnlyForDeploymentPostprocessing = 0;
		};
		FB3025C321F2494A00C5DDBD /* Resources */ = {
			isa = PBXResourcesBuildPhase;
			buildActionMask = 2147483647;
			files = (
			);
			runOnlyForDeploymentPostprocessing = 0;
		};
		FB3025CE21F2494A00C5DDBD /* Resources */ = {
			isa = PBXResourcesBuildPhase;
			buildActionMask = 2147483647;
			files = (
			);
			runOnlyForDeploymentPostprocessing = 0;
		};
/* End PBXResourcesBuildPhase section */

/* Begin PBXSourcesBuildPhase section */
		FB3025AA21F2494800C5DDBD /* Sources */ = {
			isa = PBXSourcesBuildPhase;
			buildActionMask = 2147483647;
			files = (
				FB3025B421F2494800C5DDBD /* SplashVC.swift in Sources */,
				FB3025B221F2494800C5DDBD /* AppDelegate.swift in Sources */,
				FBFBDC3821F5A9E900392539 /* SportsVC.swift in Sources */,
				FB3025BA21F2494800C5DDBD /* historicTeamz.xcdatamodeld in Sources */,
				FB3025EA21F287A700C5DDBD /* RoundedButton.swift in Sources */,
			);
			runOnlyForDeploymentPostprocessing = 0;
		};
		FB3025C121F2494A00C5DDBD /* Sources */ = {
			isa = PBXSourcesBuildPhase;
			buildActionMask = 2147483647;
			files = (
				FB3025CA21F2494A00C5DDBD /* historicTeamzTests.swift in Sources */,
			);
			runOnlyForDeploymentPostprocessing = 0;
		};
		FB3025CC21F2494A00C5DDBD /* Sources */ = {
			isa = PBXSourcesBuildPhase;
			buildActionMask = 2147483647;
			files = (
				FB3025D521F2494A00C5DDBD /* historicTeamzUITests.swift in Sources */,
			);
			runOnlyForDeploymentPostprocessing = 0;
		};
/* End PBXSourcesBuildPhase section */

/* Begin PBXTargetDependency section */
		FB3025C721F2494A00C5DDBD /* PBXTargetDependency */ = {
			isa = PBXTargetDependency;
			target = FB3025AD21F2494800C5DDBD /* historicTeamz */;
			targetProxy = FB3025C621F2494A00C5DDBD /* PBXContainerItemProxy */;
		};
		FB3025D221F2494A00C5DDBD /* PBXTargetDependency */ = {
			isa = PBXTargetDependency;
			target = FB3025AD21F2494800C5DDBD /* historicTeamz */;
			targetProxy = FB3025D121F2494A00C5DDBD /* PBXContainerItemProxy */;
		};
/* End PBXTargetDependency section */

/* Begin PBXVariantGroup section */
		FB3025B521F2494800C5DDBD /* Main.storyboard */ = {
			isa = PBXVariantGroup;
			children = (
				FB3025B621F2494800C5DDBD /* Base */,
			);
			name = Main.storyboard;
			sourceTree = "<group>";
		};
		FB3025BD21F2494A00C5DDBD /* LaunchScreen.storyboard */ = {
			isa = PBXVariantGroup;
			children = (
				FB3025BE21F2494A00C5DDBD /* Base */,
			);
			name = LaunchScreen.storyboard;
			sourceTree = "<group>";
		};
/* End PBXVariantGroup section */

/* Begin XCBuildConfiguration section */
		FB3025D721F2494A00C5DDBD /* Debug */ = {
			isa = XCBuildConfiguration;
			buildSettings = {
				ALWAYS_SEARCH_USER_PATHS = NO;
				CLANG_ANALYZER_NONNULL = YES;
				CLANG_ANALYZER_NUMBER_OBJECT_CONVERSION = YES_AGGRESSIVE;
				CLANG_CXX_LANGUAGE_STANDARD = "gnu++14";
				CLANG_CXX_LIBRARY = "libc++";
				CLANG_ENABLE_MODULES = YES;
				CLANG_ENABLE_OBJC_ARC = YES;
				CLANG_ENABLE_OBJC_WEAK = YES;
				CLANG_WARN_BLOCK_CAPTURE_AUTORELEASING = YES;
				CLANG_WARN_BOOL_CONVERSION = YES;
				CLANG_WARN_COMMA = YES;
				CLANG_WARN_CONSTANT_CONVERSION = YES;
				CLANG_WARN_DEPRECATED_OBJC_IMPLEMENTATIONS = YES;
				CLANG_WARN_DIRECT_OBJC_ISA_USAGE = YES_ERROR;
				CLANG_WARN_DOCUMENTATION_COMMENTS = YES;
				CLANG_WARN_EMPTY_BODY = YES;
				CLANG_WARN_ENUM_CONVERSION = YES;
				CLANG_WARN_INFINITE_RECURSION = YES;
				CLANG_WARN_INT_CONVERSION = YES;
				CLANG_WARN_NON_LITERAL_NULL_CONVERSION = YES;
				CLANG_WARN_OBJC_IMPLICIT_RETAIN_SELF = YES;
				CLANG_WARN_OBJC_LITERAL_CONVERSION = YES;
				CLANG_WARN_OBJC_ROOT_CLASS = YES_ERROR;
				CLANG_WARN_RANGE_LOOP_ANALYSIS = YES;
				CLANG_WARN_STRICT_PROTOTYPES = YES;
				CLANG_WARN_SUSPICIOUS_MOVE = YES;
				CLANG_WARN_UNGUARDED_AVAILABILITY = YES_AGGRESSIVE;
				CLANG_WARN_UNREACHABLE_CODE = YES;
				CLANG_WARN__DUPLICATE_METHOD_MATCH = YES;
				CODE_SIGN_IDENTITY = "iPhone Developer";
				COPY_PHASE_STRIP = NO;
				DEBUG_INFORMATION_FORMAT = dwarf;
				ENABLE_STRICT_OBJC_MSGSEND = YES;
				ENABLE_TESTABILITY = YES;
				GCC_C_LANGUAGE_STANDARD = gnu11;
				GCC_DYNAMIC_NO_PIC = NO;
				GCC_NO_COMMON_BLOCKS = YES;
				GCC_OPTIMIZATION_LEVEL = 0;
				GCC_PREPROCESSOR_DEFINITIONS = (
					"DEBUG=1",
					"$(inherited)",
				);
				GCC_WARN_64_TO_32_BIT_CONVERSION = YES;
				GCC_WARN_ABOUT_RETURN_TYPE = YES_ERROR;
				GCC_WARN_UNDECLARED_SELECTOR = YES;
				GCC_WARN_UNINITIALIZED_AUTOS = YES_AGGRESSIVE;
				GCC_WARN_UNUSED_FUNCTION = YES;
				GCC_WARN_UNUSED_VARIABLE = YES;
				IPHONEOS_DEPLOYMENT_TARGET = 12.1;
				MTL_ENABLE_DEBUG_INFO = INCLUDE_SOURCE;
				MTL_FAST_MATH = YES;
				ONLY_ACTIVE_ARCH = YES;
				SDKROOT = iphoneos;
				SWIFT_ACTIVE_COMPILATION_CONDITIONS = DEBUG;
				SWIFT_OPTIMIZATION_LEVEL = "-Onone";
			};
			name = Debug;
		};
		FB3025D821F2494A00C5DDBD /* Release */ = {
			isa = XCBuildConfiguration;
			buildSettings = {
				ALWAYS_SEARCH_USER_PATHS = NO;
				CLANG_ANALYZER_NONNULL = YES;
				CLANG_ANALYZER_NUMBER_OBJECT_CONVERSION = YES_AGGRESSIVE;
				CLANG_CXX_LANGUAGE_STANDARD = "gnu++14";
				CLANG_CXX_LIBRARY = "libc++";
				CLANG_ENABLE_MODULES = YES;
				CLANG_ENABLE_OBJC_ARC = YES;
				CLANG_ENABLE_OBJC_WEAK = YES;
				CLANG_WARN_BLOCK_CAPTURE_AUTORELEASING = YES;
				CLANG_WARN_BOOL_CONVERSION = YES;
				CLANG_WARN_COMMA = YES;
				CLANG_WARN_CONSTANT_CONVERSION = YES;
				CLANG_WARN_DEPRECATED_OBJC_IMPLEMENTATIONS = YES;
				CLANG_WARN_DIRECT_OBJC_ISA_USAGE = YES_ERROR;
				CLANG_WARN_DOCUMENTATION_COMMENTS = YES;
				CLANG_WARN_EMPTY_BODY = YES;
				CLANG_WARN_ENUM_CONVERSION = YES;
				CLANG_WARN_INFINITE_RECURSION = YES;
				CLANG_WARN_INT_CONVERSION = YES;
				CLANG_WARN_NON_LITERAL_NULL_CONVERSION = YES;
				CLANG_WARN_OBJC_IMPLICIT_RETAIN_SELF = YES;
				CLANG_WARN_OBJC_LITERAL_CONVERSION = YES;
				CLANG_WARN_OBJC_ROOT_CLASS = YES_ERROR;
				CLANG_WARN_RANGE_LOOP_ANALYSIS = YES;
				CLANG_WARN_STRICT_PROTOTYPES = YES;
				CLANG_WARN_SUSPICIOUS_MOVE = YES;
				CLANG_WARN_UNGUARDED_AVAILABILITY = YES_AGGRESSIVE;
				CLANG_WARN_UNREACHABLE_CODE = YES;
				CLANG_WARN__DUPLICATE_METHOD_MATCH = YES;
				CODE_SIGN_IDENTITY = "iPhone Developer";
				COPY_PHASE_STRIP = NO;
				DEBUG_INFORMATION_FORMAT = "dwarf-with-dsym";
				ENABLE_NS_ASSERTIONS = NO;
				ENABLE_STRICT_OBJC_MSGSEND = YES;
				GCC_C_LANGUAGE_STANDARD = gnu11;
				GCC_NO_COMMON_BLOCKS = YES;
				GCC_WARN_64_TO_32_BIT_CONVERSION = YES;
				GCC_WARN_ABOUT_RETURN_TYPE = YES_ERROR;
				GCC_WARN_UNDECLARED_SELECTOR = YES;
				GCC_WARN_UNINITIALIZED_AUTOS = YES_AGGRESSIVE;
				GCC_WARN_UNUSED_FUNCTION = YES;
				GCC_WARN_UNUSED_VARIABLE = YES;
				IPHONEOS_DEPLOYMENT_TARGET = 12.1;
				MTL_ENABLE_DEBUG_INFO = NO;
				MTL_FAST_MATH = YES;
				SDKROOT = iphoneos;
				SWIFT_COMPILATION_MODE = wholemodule;
				SWIFT_OPTIMIZATION_LEVEL = "-O";
				VALIDATE_PRODUCT = YES;
			};
			name = Release;
		};
		FB3025DA21F2494A00C5DDBD /* Debug */ = {
			isa = XCBuildConfiguration;
			buildSettings = {
				ASSETCATALOG_COMPILER_APPICON_NAME = AppIcon;
				CODE_SIGN_STYLE = Automatic;
				DEVELOPMENT_TEAM = J3CA5JK947;
				INFOPLIST_FILE = historicTeamz/Info.plist;
				LD_RUNPATH_SEARCH_PATHS = (
					"$(inherited)",
					"@executable_path/Frameworks",
				);
				PRODUCT_BUNDLE_IDENTIFIER = gbhoot.historicTeamz;
				PRODUCT_NAME = "$(TARGET_NAME)";
				SWIFT_VERSION = 4.2;
				TARGETED_DEVICE_FAMILY = "1,2";
			};
			name = Debug;
		};
		FB3025DB21F2494A00C5DDBD /* Release */ = {
			isa = XCBuildConfiguration;
			buildSettings = {
				ASSETCATALOG_COMPILER_APPICON_NAME = AppIcon;
				CODE_SIGN_STYLE = Automatic;
				DEVELOPMENT_TEAM = J3CA5JK947;
				INFOPLIST_FILE = historicTeamz/Info.plist;
				LD_RUNPATH_SEARCH_PATHS = (
					"$(inherited)",
					"@executable_path/Frameworks",
				);
				PRODUCT_BUNDLE_IDENTIFIER = gbhoot.historicTeamz;
				PRODUCT_NAME = "$(TARGET_NAME)";
				SWIFT_VERSION = 4.2;
				TARGETED_DEVICE_FAMILY = "1,2";
			};
			name = Release;
		};
		FB3025DD21F2494A00C5DDBD /* Debug */ = {
			isa = XCBuildConfiguration;
			buildSettings = {
				ALWAYS_EMBED_SWIFT_STANDARD_LIBRARIES = YES;
				BUNDLE_LOADER = "$(TEST_HOST)";
				CODE_SIGN_STYLE = Automatic;
				DEVELOPMENT_TEAM = J3CA5JK947;
				INFOPLIST_FILE = historicTeamzTests/Info.plist;
				LD_RUNPATH_SEARCH_PATHS = (
					"$(inherited)",
					"@executable_path/Frameworks",
					"@loader_path/Frameworks",
				);
				PRODUCT_BUNDLE_IDENTIFIER = gbhoot.historicTeamzTests;
				PRODUCT_NAME = "$(TARGET_NAME)";
				SWIFT_VERSION = 4.2;
				TARGETED_DEVICE_FAMILY = "1,2";
				TEST_HOST = "$(BUILT_PRODUCTS_DIR)/historicTeamz.app/historicTeamz";
			};
			name = Debug;
		};
		FB3025DE21F2494A00C5DDBD /* Release */ = {
			isa = XCBuildConfiguration;
			buildSettings = {
				ALWAYS_EMBED_SWIFT_STANDARD_LIBRARIES = YES;
				BUNDLE_LOADER = "$(TEST_HOST)";
				CODE_SIGN_STYLE = Automatic;
				DEVELOPMENT_TEAM = J3CA5JK947;
				INFOPLIST_FILE = historicTeamzTests/Info.plist;
				LD_RUNPATH_SEARCH_PATHS = (
					"$(inherited)",
					"@executable_path/Frameworks",
					"@loader_path/Frameworks",
				);
				PRODUCT_BUNDLE_IDENTIFIER = gbhoot.historicTeamzTests;
				PRODUCT_NAME = "$(TARGET_NAME)";
				SWIFT_VERSION = 4.2;
				TARGETED_DEVICE_FAMILY = "1,2";
				TEST_HOST = "$(BUILT_PRODUCTS_DIR)/historicTeamz.app/historicTeamz";
			};
			name = Release;
		};
		FB3025E021F2494A00C5DDBD /* Debug */ = {
			isa = XCBuildConfiguration;
			buildSettings = {
				ALWAYS_EMBED_SWIFT_STANDARD_LIBRARIES = YES;
				CODE_SIGN_STYLE = Automatic;
				DEVELOPMENT_TEAM = J3CA5JK947;
				INFOPLIST_FILE = historicTeamzUITests/Info.plist;
				LD_RUNPATH_SEARCH_PATHS = (
					"$(inherited)",
					"@executable_path/Frameworks",
					"@loader_path/Frameworks",
				);
				PRODUCT_BUNDLE_IDENTIFIER = gbhoot.historicTeamzUITests;
				PRODUCT_NAME = "$(TARGET_NAME)";
				SWIFT_VERSION = 4.2;
				TARGETED_DEVICE_FAMILY = "1,2";
				TEST_TARGET_NAME = historicTeamz;
			};
			name = Debug;
		};
		FB3025E121F2494A00C5DDBD /* Release */ = {
			isa = XCBuildConfiguration;
			buildSettings = {
				ALWAYS_EMBED_SWIFT_STANDARD_LIBRARIES = YES;
				CODE_SIGN_STYLE = Automatic;
				DEVELOPMENT_TEAM = J3CA5JK947;
				INFOPLIST_FILE = historicTeamzUITests/Info.plist;
				LD_RUNPATH_SEARCH_PATHS = (
					"$(inherited)",
					"@executable_path/Frameworks",
					"@loader_path/Frameworks",
				);
				PRODUCT_BUNDLE_IDENTIFIER = gbhoot.historicTeamzUITests;
				PRODUCT_NAME = "$(TARGET_NAME)";
				SWIFT_VERSION = 4.2;
				TARGETED_DEVICE_FAMILY = "1,2";
				TEST_TARGET_NAME = historicTeamz;
			};
			name = Release;
		};
/* End XCBuildConfiguration section */

/* Begin XCConfigurationList section */
		FB3025A921F2494800C5DDBD /* Build configuration list for PBXProject "historicTeamz" */ = {
			isa = XCConfigurationList;
			buildConfigurations = (
				FB3025D721F2494A00C5DDBD /* Debug */,
				FB3025D821F2494A00C5DDBD /* Release */,
			);
			defaultConfigurationIsVisible = 0;
			defaultConfigurationName = Release;
		};
		FB3025D921F2494A00C5DDBD /* Build configuration list for PBXNativeTarget "historicTeamz" */ = {
			isa = XCConfigurationList;
			buildConfigurations = (
				FB3025DA21F2494A00C5DDBD /* Debug */,
				FB3025DB21F2494A00C5DDBD /* Release */,
			);
			defaultConfigurationIsVisible = 0;
			defaultConfigurationName = Release;
		};
		FB3025DC21F2494A00C5DDBD /* Build configuration list for PBXNativeTarget "historicTeamzTests" */ = {
			isa = XCConfigurationList;
			buildConfigurations = (
				FB3025DD21F2494A00C5DDBD /* Debug */,
				FB3025DE21F2494A00C5DDBD /* Release */,
			);
			defaultConfigurationIsVisible = 0;
			defaultConfigurationName = Release;
		};
		FB3025DF21F2494A00C5DDBD /* Build configuration list for PBXNativeTarget "historicTeamzUITests" */ = {
			isa = XCConfigurationList;
			buildConfigurations = (
				FB3025E021F2494A00C5DDBD /* Debug */,
				FB3025E121F2494A00C5DDBD /* Release */,
			);
			defaultConfigurationIsVisible = 0;
			defaultConfigurationName = Release;
		};
/* End XCConfigurationList section */

/* Begin XCVersionGroup section */
		FB3025B821F2494800C5DDBD /* historicTeamz.xcdatamodeld */ = {
			isa = XCVersionGroup;
			children = (
				FB3025B921F2494800C5DDBD /* historicTeamz.xcdatamodel */,
			);
			currentVersion = FB3025B921F2494800C5DDBD /* historicTeamz.xcdatamodel */;
			path = historicTeamz.xcdatamodeld;
			sourceTree = "<group>";
			versionGroupType = wrapper.xcdatamodel;
		};
/* End XCVersionGroup section */
	};
	rootObject = FB3025A621F2494800C5DDBD /* Project object */;
}
